
Microsoft Visual Studio Solution File, Format Version 12.00
# Visual Studio Version 16
VisualStudioVersion = 16.0.30114.105
MinimumVisualStudioVersion = 10.0.40219.1
Project("{FAE04EC0-301F-11D3-BF4B-00C04F79EFBC}") = "HelloWorld", "HelloWorld\HelloWorld.csproj", "{0B69514A-0D86-4ACC-A265-837F31604C0B}"
EndProject
Project("{FAE04EC0-301F-11D3-BF4B-00C04F79EFBC}") = "HelloWorld.test", "HelloWorld.test\HelloWorld.test.csproj", "{F26B0DEF-D1DB-4419-BDD6-7C83AA5FA763}"
EndProject
Global
	GlobalSection(SolutionConfigurationPlatforms) = preSolution
		Debug|Any CPU = Debug|Any CPU
		Release|Any CPU = Release|Any CPU
	EndGlobalSection
	GlobalSection(SolutionProperties) = preSolution
		HideSolutionNode = FALSE
	EndGlobalSection
	GlobalSection(ProjectConfigurationPlatforms) = postSolution
		{0B69514A-0D86-4ACC-A265-837F31604C0B}.Debug|Any CPU.ActiveCfg = Debug|Any CPU
		{0B69514A-0D86-4ACC-A265-837F31604C0B}.Debug|Any CPU.Build.0 = Debug|Any CPU
		{0B69514A-0D86-4ACC-A265-837F31604C0B}.Release|Any CPU.ActiveCfg = Release|Any CPU
		{0B69514A-0D86-4ACC-A265-837F31604C0B}.Release|Any CPU.Build.0 = Release|Any CPU
		{F26B0DEF-D1DB-4419-BDD6-7C83AA5FA763}.Debug|Any CPU.ActiveCfg = Debug|Any CPU
		{F26B0DEF-D1DB-4419-BDD6-7C83AA5FA763}.Debug|Any CPU.Build.0 = Debug|Any CPU
		{F26B0DEF-D1DB-4419-BDD6-7C83AA5FA763}.Release|Any CPU.ActiveCfg = Release|Any CPU
		{F26B0DEF-D1DB-4419-BDD6-7C83AA5FA763}.Release|Any CPU.Build.0 = Release|Any CPU
	EndGlobalSection
EndGlobal
